
Microsoft Visual Studio Solution File, Format Version 12.00
# Visual Studio Version 17
VisualStudioVersion = 17.8.34511.84
MinimumVisualStudioVersion = 10.0.40219.1
Project("{FAE04EC0-301F-11D3-BF4B-00C04F79EFBC}") = "Academix.Web", "Academix.Web\Academix.Web.csproj", "{64AA6CB8-5D23-4CBF-87AE-A7B59B750E88}"
EndProject
Global
	GlobalSection(SolutionConfigurationPlatforms) = preSolution
		Debug|Any CPU = Debug|Any CPU
		Release|Any CPU = Release|Any CPU
	EndGlobalSection
	GlobalSection(ProjectConfigurationPlatforms) = postSolution
		{64AA6CB8-5D23-4CBF-87AE-A7B59B750E88}.Debug|Any CPU.ActiveCfg = Debug|Any CPU
		{64AA6CB8-5D23-4CBF-87AE-A7B59B750E88}.Debug|Any CPU.Build.0 = Debug|Any CPU
		{64AA6CB8-5D23-4CBF-87AE-A7B59B750E88}.Release|Any CPU.ActiveCfg = Release|Any CPU
		{64AA6CB8-5D23-4CBF-87AE-A7B59B750E88}.Release|Any CPU.Build.0 = Release|Any CPU
	EndGlobalSection
	GlobalSection(SolutionProperties) = preSolution
		HideSolutionNode = FALSE
	EndGlobalSection
	GlobalSection(ExtensibilityGlobals) = postSolution
		SolutionGuid = {A6CDBC21-B85E-4428-A140-768418EFEFBA}
	EndGlobalSection
EndGlobal
